// !$*UTF8*$!
{
	archiveVersion = 1;
	classes = {
	};
	objectVersion = 46;
	objects = {

/* Begin PBXBuildFile section */
		2D16951116AD9F0800E68821 /* UIKit.framework in Frameworks */ = {isa = PBXBuildFile; fileRef = 2D16951016AD9F0800E68821 /* UIKit.framework */; };
		2D16951316AD9F0800E68821 /* Foundation.framework in Frameworks */ = {isa = PBXBuildFile; fileRef = 2D16951216AD9F0800E68821 /* Foundation.framework */; };
		2D16951516AD9F0800E68821 /* CoreGraphics.framework in Frameworks */ = {isa = PBXBuildFile; fileRef = 2D16951416AD9F0800E68821 /* CoreGraphics.framework */; };
		2D16951716AD9F0800E68821 /* GLKit.framework in Frameworks */ = {isa = PBXBuildFile; fileRef = 2D16951616AD9F0800E68821 /* GLKit.framework */; };
		2D16951916AD9F0800E68821 /* OpenGLES.framework in Frameworks */ = {isa = PBXBuildFile; fileRef = 2D16951816AD9F0800E68821 /* OpenGLES.framework */; };
		2D16951F16AD9F0800E68821 /* InfoPlist.strings in Resources */ = {isa = PBXBuildFile; fileRef = 2D16951D16AD9F0800E68821 /* InfoPlist.strings */; };
		2D16952116AD9F0800E68821 /* main.m in Sources */ = {isa = PBXBuildFile; fileRef = 2D16952016AD9F0800E68821 /* main.m */; };
		2D16952516AD9F0800E68821 /* CAHAppDelegate.m in Sources */ = {isa = PBXBuildFile; fileRef = 2D16952416AD9F0800E68821 /* CAHAppDelegate.m */; };
		2D16952716AD9F0800E68821 /* Default.png in Resources */ = {isa = PBXBuildFile; fileRef = 2D16952616AD9F0800E68821 /* Default.png */; };
		2D16952916AD9F0800E68821 /* Default@2x.png in Resources */ = {isa = PBXBuildFile; fileRef = 2D16952816AD9F0800E68821 /* Default@2x.png */; };
		2D16952B16AD9F0800E68821 /* Default-568h@2x.png in Resources */ = {isa = PBXBuildFile; fileRef = 2D16952A16AD9F0800E68821 /* Default-568h@2x.png */; };
		2D16952D16AD9F0800E68821 /* Shader.fsh in Resources */ = {isa = PBXBuildFile; fileRef = 2D16952C16AD9F0800E68821 /* Shader.fsh */; };
		2D16952F16AD9F0800E68821 /* Shader.vsh in Resources */ = {isa = PBXBuildFile; fileRef = 2D16952E16AD9F0800E68821 /* Shader.vsh */; };
		2D16953216AD9F0800E68821 /* CAHViewController.m in Sources */ = {isa = PBXBuildFile; fileRef = 2D16953116AD9F0800E68821 /* CAHViewController.m */; };
		2D16953516AD9F0800E68821 /* CAHViewController.xib in Resources */ = {isa = PBXBuildFile; fileRef = 2D16953316AD9F0800E68821 /* CAHViewController.xib */; };
		2D16953D16ADA0BE00E68821 /* Icon.png in Resources */ = {isa = PBXBuildFile; fileRef = 2D16953B16ADA0BE00E68821 /* Icon.png */; };
		2D16954216ADA0EB00E68821 /* Icon@2x.png in Resources */ = {isa = PBXBuildFile; fileRef = 2D16954116ADA0EB00E68821 /* Icon@2x.png */; };
/* End PBXBuildFile section */

/* Begin PBXFileReference section */
		2D16950C16AD9F0800E68821 /* Cards Against Humanity.app */ = {isa = PBXFileReference; explicitFileType = wrapper.application; includeInIndex = 0; path = "Cards Against Humanity.app"; sourceTree = BUILT_PRODUCTS_DIR; };
		2D16951016AD9F0800E68821 /* UIKit.framework */ = {isa = PBXFileReference; lastKnownFileType = wrapper.framework; name = UIKit.framework; path = System/Library/Frameworks/UIKit.framework; sourceTree = SDKROOT; };
		2D16951216AD9F0800E68821 /* Foundation.framework */ = {isa = PBXFileReference; lastKnownFileType = wrapper.framework; name = Foundation.framework; path = System/Library/Frameworks/Foundation.framework; sourceTree = SDKROOT; };
		2D16951416AD9F0800E68821 /* CoreGraphics.framework */ = {isa = PBXFileReference; lastKnownFileType = wrapper.framework; name = CoreGraphics.framework; path = System/Library/Frameworks/CoreGraphics.framework; sourceTree = SDKROOT; };
		2D16951616AD9F0800E68821 /* GLKit.framework */ = {isa = PBXFileReference; lastKnownFileType = wrapper.framework; name = GLKit.framework; path = System/Library/Frameworks/GLKit.framework; sourceTree = SDKROOT; };
		2D16951816AD9F0800E68821 /* OpenGLES.framework */ = {isa = PBXFileReference; lastKnownFileType = wrapper.framework; name = OpenGLES.framework; path = System/Library/Frameworks/OpenGLES.framework; sourceTree = SDKROOT; };
		2D16951C16AD9F0800E68821 /* Cards Against Humanity-Info.plist */ = {isa = PBXFileReference; lastKnownFileType = text.plist.xml; path = "Cards Against Humanity-Info.plist"; sourceTree = "<group>"; };
		2D16951E16AD9F0800E68821 /* en */ = {isa = PBXFileReference; lastKnownFileType = text.plist.strings; name = en; path = en.lproj/InfoPlist.strings; sourceTree = "<group>"; };
		2D16952016AD9F0800E68821 /* main.m */ = {isa = PBXFileReference; lastKnownFileType = sourcecode.c.objc; path = main.m; sourceTree = "<group>"; };
		2D16952216AD9F0800E68821 /* Cards Against Humanity-Prefix.pch */ = {isa = PBXFileReference; lastKnownFileType = sourcecode.c.h; path = "Cards Against Humanity-Prefix.pch"; sourceTree = "<group>"; };
		2D16952316AD9F0800E68821 /* CAHAppDelegate.h */ = {isa = PBXFileReference; lastKnownFileType = sourcecode.c.h; path = CAHAppDelegate.h; sourceTree = "<group>"; };
		2D16952416AD9F0800E68821 /* CAHAppDelegate.m */ = {isa = PBXFileReference; lastKnownFileType = sourcecode.c.objc; path = CAHAppDelegate.m; sourceTree = "<group>"; };
		2D16952616AD9F0800E68821 /* Default.png */ = {isa = PBXFileReference; lastKnownFileType = image.png; path = Default.png; sourceTree = "<group>"; };
		2D16952816AD9F0800E68821 /* Default@2x.png */ = {isa = PBXFileReference; lastKnownFileType = image.png; path = "Default@2x.png"; sourceTree = "<group>"; };
		2D16952A16AD9F0800E68821 /* Default-568h@2x.png */ = {isa = PBXFileReference; lastKnownFileType = image.png; path = "Default-568h@2x.png"; sourceTree = "<group>"; };
		2D16952C16AD9F0800E68821 /* Shader.fsh */ = {isa = PBXFileReference; lastKnownFileType = sourcecode.glsl; name = Shader.fsh; path = Shaders/Shader.fsh; sourceTree = "<group>"; };
		2D16952E16AD9F0800E68821 /* Shader.vsh */ = {isa = PBXFileReference; lastKnownFileType = sourcecode.glsl; name = Shader.vsh; path = Shaders/Shader.vsh; sourceTree = "<group>"; };
		2D16953016AD9F0800E68821 /* CAHViewController.h */ = {isa = PBXFileReference; lastKnownFileType = sourcecode.c.h; path = CAHViewController.h; sourceTree = "<group>"; };
		2D16953116AD9F0800E68821 /* CAHViewController.m */ = {isa = PBXFileReference; lastKnownFileType = sourcecode.c.objc; path = CAHViewController.m; sourceTree = "<group>"; };
		2D16953416AD9F0800E68821 /* en */ = {isa = PBXFileReference; lastKnownFileType = file.xib; name = en; path = en.lproj/CAHViewController.xib; sourceTree = "<group>"; };
		2D16953B16ADA0BE00E68821 /* Icon.png */ = {isa = PBXFileReference; lastKnownFileType = image.png; name = Icon.png; path = "Cards Against Humanity/Icon.png"; sourceTree = "<group>"; };
		2D16954116ADA0EB00E68821 /* Icon@2x.png */ = {isa = PBXFileReference; lastKnownFileType = image.png; path = "Icon@2x.png"; sourceTree = "<group>"; };
/* End PBXFileReference section */

/* Begin PBXFrameworksBuildPhase section */
		2D16950916AD9F0800E68821 /* Frameworks */ = {
			isa = PBXFrameworksBuildPhase;
			buildActionMask = 2147483647;
			files = (
				2D16951116AD9F0800E68821 /* UIKit.framework in Frameworks */,
				2D16951316AD9F0800E68821 /* Foundation.framework in Frameworks */,
				2D16951516AD9F0800E68821 /* CoreGraphics.framework in Frameworks */,
				2D16951716AD9F0800E68821 /* GLKit.framework in Frameworks */,
				2D16951916AD9F0800E68821 /* OpenGLES.framework in Frameworks */,
			);
			runOnlyForDeploymentPostprocessing = 0;
		};
/* End PBXFrameworksBuildPhase section */

/* Begin PBXGroup section */
		2D16950116AD9F0800E68821 = {
			isa = PBXGroup;
			children = (
				2D16954116ADA0EB00E68821 /* Icon@2x.png */,
				2D16953B16ADA0BE00E68821 /* Icon.png */,
				2D16951A16AD9F0800E68821 /* Cards Against Humanity */,
				2D16950F16AD9F0800E68821 /* Frameworks */,
				2D16950D16AD9F0800E68821 /* Products */,
			);
			sourceTree = "<group>";
		};
		2D16950D16AD9F0800E68821 /* Products */ = {
			isa = PBXGroup;
			children = (
				2D16950C16AD9F0800E68821 /* Cards Against Humanity.app */,
			);
			name = Products;
			sourceTree = "<group>";
		};
		2D16950F16AD9F0800E68821 /* Frameworks */ = {
			isa = PBXGroup;
			children = (
				2D16951016AD9F0800E68821 /* UIKit.framework */,
				2D16951216AD9F0800E68821 /* Foundation.framework */,
				2D16951416AD9F0800E68821 /* CoreGraphics.framework */,
				2D16951616AD9F0800E68821 /* GLKit.framework */,
				2D16951816AD9F0800E68821 /* OpenGLES.framework */,
			);
			name = Frameworks;
			sourceTree = "<group>";
		};
		2D16951A16AD9F0800E68821 /* Cards Against Humanity */ = {
			isa = PBXGroup;
			children = (
				2D16952416AD9F0800E68821 /* CAHAppDelegate.m */,
				2D16952C16AD9F0800E68821 /* Shader.fsh */,
				2D16952316AD9F0800E68821 /* CAHAppDelegate.h */,
				2D16952E16AD9F0800E68821 /* Shader.vsh */,
				2D16953016AD9F0800E68821 /* CAHViewController.h */,
				2D16953116AD9F0800E68821 /* CAHViewController.m */,
				2D16953316AD9F0800E68821 /* CAHViewController.xib */,
				2D16951B16AD9F0800E68821 /* Supporting Files */,
			);
			path = "Cards Against Humanity";
			sourceTree = "<group>";
		};
		2D16951B16AD9F0800E68821 /* Supporting Files */ = {
			isa = PBXGroup;
			children = (
				2D16951C16AD9F0800E68821 /* Cards Against Humanity-Info.plist */,
				2D16951D16AD9F0800E68821 /* InfoPlist.strings */,
				2D16952016AD9F0800E68821 /* main.m */,
				2D16952216AD9F0800E68821 /* Cards Against Humanity-Prefix.pch */,
				2D16952616AD9F0800E68821 /* Default.png */,
				2D16952816AD9F0800E68821 /* Default@2x.png */,
				2D16952A16AD9F0800E68821 /* Default-568h@2x.png */,
			);
			name = "Supporting Files";
			sourceTree = "<group>";
		};
/* End PBXGroup section */

/* Begin PBXNativeTarget section */
		2D16950B16AD9F0800E68821 /* Cards Against Humanity */ = {
			isa = PBXNativeTarget;
			buildConfigurationList = 2D16953816AD9F0800E68821 /* Build configuration list for PBXNativeTarget "Cards Against Humanity" */;
			buildPhases = (
				2D16950816AD9F0800E68821 /* Sources */,
				2D16950916AD9F0800E68821 /* Frameworks */,
				2D16950A16AD9F0800E68821 /* Resources */,
			);
			buildRules = (
			);
			dependencies = (
			);
			name = "Cards Against Humanity";
			productName = "Cards Against Humanity";
			productReference = 2D16950C16AD9F0800E68821 /* Cards Against Humanity.app */;
			productType = "com.apple.product-type.application";
		};
/* End PBXNativeTarget section */

/* Begin PBXProject section */
		2D16950316AD9F0800E68821 /* Project object */ = {
			isa = PBXProject;
			attributes = {
				CLASSPREFIX = CAH;
				LastUpgradeCheck = 0450;
				ORGANIZATIONNAME = "Tim G Carlson";
			};
			buildConfigurationList = 2D16950616AD9F0800E68821 /* Build configuration list for PBXProject "Cards Against Humanity" */;
			compatibilityVersion = "Xcode 3.2";
			developmentRegion = English;
			hasScannedForEncodings = 0;
			knownRegions = (
				en,
			);
			mainGroup = 2D16950116AD9F0800E68821;
			productRefGroup = 2D16950D16AD9F0800E68821 /* Products */;
			projectDirPath = "";
			projectRoot = "";
			targets = (
				2D16950B16AD9F0800E68821 /* Cards Against Humanity */,
			);
		};
/* End PBXProject section */

/* Begin PBXResourcesBuildPhase section */
		2D16950A16AD9F0800E68821 /* Resources */ = {
			isa = PBXResourcesBuildPhase;
			buildActionMask = 2147483647;
			files = (
				2D16951F16AD9F0800E68821 /* InfoPlist.strings in Resources */,
				2D16952716AD9F0800E68821 /* Default.png in Resources */,
				2D16952916AD9F0800E68821 /* Default@2x.png in Resources */,
				2D16952B16AD9F0800E68821 /* Default-568h@2x.png in Resources */,
				2D16952D16AD9F0800E68821 /* Shader.fsh in Resources */,
				2D16952F16AD9F0800E68821 /* Shader.vsh in Resources */,
				2D16953516AD9F0800E68821 /* CAHViewController.xib in Resources */,
				2D16953D16ADA0BE00E68821 /* Icon.png in Resources */,
				2D16954216ADA0EB00E68821 /* Icon@2x.png in Resources */,
			);
			runOnlyForDeploymentPostprocessing = 0;
		};
/* End PBXResourcesBuildPhase section */

/* Begin PBXSourcesBuildPhase section */
		2D16950816AD9F0800E68821 /* Sources */ = {
			isa = PBXSourcesBuildPhase;
			buildActionMask = 2147483647;
			files = (
				2D16952116AD9F0800E68821 /* main.m in Sources */,
				2D16952516AD9F0800E68821 /* CAHAppDelegate.m in Sources */,
				2D16953216AD9F0800E68821 /* CAHViewController.m in Sources */,
			);
			runOnlyForDeploymentPostprocessing = 0;
		};
/* End PBXSourcesBuildPhase section */

/* Begin PBXVariantGroup section */
		2D16951D16AD9F0800E68821 /* InfoPlist.strings */ = {
			isa = PBXVariantGroup;
			children = (
				2D16951E16AD9F0800E68821 /* en */,
			);
			name = InfoPlist.strings;
			sourceTree = "<group>";
		};
		2D16953316AD9F0800E68821 /* CAHViewController.xib */ = {
			isa = PBXVariantGroup;
			children = (
				2D16953416AD9F0800E68821 /* en */,
			);
			name = CAHViewController.xib;
			sourceTree = "<group>";
		};
/* End PBXVariantGroup section */

/* Begin XCBuildConfiguration section */
		2D16953616AD9F0800E68821 /* Debug */ = {
			isa = XCBuildConfiguration;
			buildSettings = {
				ALWAYS_SEARCH_USER_PATHS = NO;
				CLANG_CXX_LANGUAGE_STANDARD = "gnu++0x";
				CLANG_CXX_LIBRARY = "libc++";
				CLANG_ENABLE_OBJC_ARC = YES;
				CLANG_WARN_EMPTY_BODY = YES;
				CLANG_WARN__DUPLICATE_METHOD_MATCH = YES;
				"CODE_SIGN_IDENTITY[sdk=iphoneos*]" = "iPhone Developer";
				COPY_PHASE_STRIP = NO;
				GCC_C_LANGUAGE_STANDARD = gnu99;
				GCC_DYNAMIC_NO_PIC = NO;
				GCC_OPTIMIZATION_LEVEL = 0;
				GCC_PREPROCESSOR_DEFINITIONS = (
					"DEBUG=1",
					"$(inherited)",
				);
				GCC_SYMBOLS_PRIVATE_EXTERN = NO;
				GCC_WARN_ABOUT_RETURN_TYPE = YES;
				GCC_WARN_UNINITIALIZED_AUTOS = YES;
				GCC_WARN_UNUSED_VARIABLE = YES;
				IPHONEOS_DEPLOYMENT_TARGET = 6.0;
				ONLY_ACTIVE_ARCH = YES;
				SDKROOT = iphoneos;
			};
			name = Debug;
		};
		2D16953716AD9F0800E68821 /* Release */ = {
			isa = XCBuildConfiguration;
			buildSettings = {
				ALWAYS_SEARCH_USER_PATHS = NO;
				CLANG_CXX_LANGUAGE_STANDARD = "gnu++0x";
				CLANG_CXX_LIBRARY = "libc++";
				CLANG_ENABLE_OBJC_ARC = YES;
				CLANG_WARN_EMPTY_BODY = YES;
				CLANG_WARN__DUPLICATE_METHOD_MATCH = YES;
				"CODE_SIGN_IDENTITY[sdk=iphoneos*]" = "iPhone Developer";
				COPY_PHASE_STRIP = YES;
				GCC_C_LANGUAGE_STANDARD = gnu99;
				GCC_WARN_ABOUT_RETURN_TYPE = YES;
				GCC_WARN_UNINITIALIZED_AUTOS = YES;
				GCC_WARN_UNUSED_VARIABLE = YES;
				IPHONEOS_DEPLOYMENT_TARGET = 6.0;
				OTHER_CFLAGS = "-DNS_BLOCK_ASSERTIONS=1";
				SDKROOT = iphoneos;
				VALIDATE_PRODUCT = YES;
			};
			name = Release;
		};
		2D16953916AD9F0800E68821 /* Debug */ = {
			isa = XCBuildConfiguration;
			buildSettings = {
				GCC_PRECOMPILE_PREFIX_HEADER = YES;
				GCC_PREFIX_HEADER = "Cards Against Humanity/Cards Against Humanity-Prefix.pch";
				INFOPLIST_FILE = "Cards Against Humanity/Cards Against Humanity-Info.plist";
				PRODUCT_NAME = "$(TARGET_NAME)";
				WRAPPER_EXTENSION = app;
			};
			name = Debug;
		};
		2D16953A16AD9F0800E68821 /* Release */ = {
			isa = XCBuildConfiguration;
			buildSettings = {
				GCC_PRECOMPILE_PREFIX_HEADER = YES;
				GCC_PREFIX_HEADER = "Cards Against Humanity/Cards Against Humanity-Prefix.pch";
				INFOPLIST_FILE = "Cards Against Humanity/Cards Against Humanity-Info.plist";
				PRODUCT_NAME = "$(TARGET_NAME)";
				WRAPPER_EXTENSION = app;
			};
			name = Release;
		};
/* End XCBuildConfiguration section */

/* Begin XCConfigurationList section */
		2D16950616AD9F0800E68821 /* Build configuration list for PBXProject "Cards Against Humanity" */ = {
			isa = XCConfigurationList;
			buildConfigurations = (
				2D16953616AD9F0800E68821 /* Debug */,
				2D16953716AD9F0800E68821 /* Release */,
			);
			defaultConfigurationIsVisible = 0;
			defaultConfigurationName = Release;
		};
		2D16953816AD9F0800E68821 /* Build configuration list for PBXNativeTarget "Cards Against Humanity" */ = {
			isa = XCConfigurationList;
			buildConfigurations = (
				2D16953916AD9F0800E68821 /* Debug */,
				2D16953A16AD9F0800E68821 /* Release */,
			);
			defaultConfigurationIsVisible = 0;
		};
/* End XCConfigurationList section */
	};
	rootObject = 2D16950316AD9F0800E68821 /* Project object */;
}
