// !$*UTF8*$!
{
	archiveVersion = 1;
	classes = {
	};
	objectVersion = 46;
	objects = {

/* Begin PBXBuildFile section */
		2D2686EF17174A620088291F /* UIKit.framework in Frameworks */ = {isa = PBXBuildFile; fileRef = 2D2686EE17174A620088291F /* UIKit.framework */; };
		2D2686F117174A620088291F /* Foundation.framework in Frameworks */ = {isa = PBXBuildFile; fileRef = 2D2686F017174A620088291F /* Foundation.framework */; };
		2D2686F317174A620088291F /* CoreGraphics.framework in Frameworks */ = {isa = PBXBuildFile; fileRef = 2D2686F217174A620088291F /* CoreGraphics.framework */; };
		2D2686F917174A620088291F /* InfoPlist.strings in Resources */ = {isa = PBXBuildFile; fileRef = 2D2686F717174A620088291F /* InfoPlist.strings */; };
		2D2686FB17174A620088291F /* main.m in Sources */ = {isa = PBXBuildFile; fileRef = 2D2686FA17174A620088291F /* main.m */; };
		2D2686FF17174A630088291F /* CAHAppDelegate.m in Sources */ = {isa = PBXBuildFile; fileRef = 2D2686FE17174A630088291F /* CAHAppDelegate.m */; };
		2D26870117174A630088291F /* Default.png in Resources */ = {isa = PBXBuildFile; fileRef = 2D26870017174A630088291F /* Default.png */; };
		2D26870317174A630088291F /* Default@2x.png in Resources */ = {isa = PBXBuildFile; fileRef = 2D26870217174A630088291F /* Default@2x.png */; };
		2D26870517174A630088291F /* Default-568h@2x.png in Resources */ = {isa = PBXBuildFile; fileRef = 2D26870417174A630088291F /* Default-568h@2x.png */; };
		2D26870D17174ADB0088291F /* ViewController.m in Sources */ = {isa = PBXBuildFile; fileRef = 2D26870C17174ADB0088291F /* ViewController.m */; };
		2D26870F17174B200088291F /* ViewController.xib in Resources */ = {isa = PBXBuildFile; fileRef = 2D26870E17174B200088291F /* ViewController.xib */; };
		2D26871117174BB40088291F /* WhiteCards.txt in Resources */ = {isa = PBXBuildFile; fileRef = 2D26871017174BB40088291F /* WhiteCards.txt */; };
		2D26871917174BDE0088291F /* BlackCards.txt in Resources */ = {isa = PBXBuildFile; fileRef = 2D26871217174BDE0088291F /* BlackCards.txt */; };
		2D26871A17174BDE0088291F /* BlackCardsSingle.txt in Resources */ = {isa = PBXBuildFile; fileRef = 2D26871317174BDE0088291F /* BlackCardsSingle.txt */; };
		2D26871B17174BDE0088291F /* Icon.png in Resources */ = {isa = PBXBuildFile; fileRef = 2D26871417174BDE0088291F /* Icon.png */; };
		2D26871C17174BDE0088291F /* Icon@2x.png in Resources */ = {isa = PBXBuildFile; fileRef = 2D26871517174BDE0088291F /* Icon@2x.png */; };
		2D26871D17174BDE0088291F /* LogoButton.png in Resources */ = {isa = PBXBuildFile; fileRef = 2D26871617174BDE0088291F /* LogoButton.png */; };
		2D26871E17174BDE0088291F /* Title.png in Resources */ = {isa = PBXBuildFile; fileRef = 2D26871717174BDE0088291F /* Title.png */; };
		2D26871F17174BDE0088291F /* Title@2x.png in Resources */ = {isa = PBXBuildFile; fileRef = 2D26871817174BDE0088291F /* Title@2x.png */; };
		2D26872317174E870088291F /* .gitignore in Resources */ = {isa = PBXBuildFile; fileRef = 2D26872217174E860088291F /* .gitignore */; };
/* End PBXBuildFile section */

/* Begin PBXFileReference section */
		2D2686EB17174A620088291F /* CAHGenerator.app */ = {isa = PBXFileReference; explicitFileType = wrapper.application; includeInIndex = 0; path = CAHGenerator.app; sourceTree = BUILT_PRODUCTS_DIR; };
		2D2686EE17174A620088291F /* UIKit.framework */ = {isa = PBXFileReference; lastKnownFileType = wrapper.framework; name = UIKit.framework; path = System/Library/Frameworks/UIKit.framework; sourceTree = SDKROOT; };
		2D2686F017174A620088291F /* Foundation.framework */ = {isa = PBXFileReference; lastKnownFileType = wrapper.framework; name = Foundation.framework; path = System/Library/Frameworks/Foundation.framework; sourceTree = SDKROOT; };
		2D2686F217174A620088291F /* CoreGraphics.framework */ = {isa = PBXFileReference; lastKnownFileType = wrapper.framework; name = CoreGraphics.framework; path = System/Library/Frameworks/CoreGraphics.framework; sourceTree = SDKROOT; };
		2D2686F617174A620088291F /* CAHGenerator-Info.plist */ = {isa = PBXFileReference; lastKnownFileType = text.plist.xml; path = "CAHGenerator-Info.plist"; sourceTree = "<group>"; };
		2D2686F817174A620088291F /* en */ = {isa = PBXFileReference; lastKnownFileType = text.plist.strings; name = en; path = en.lproj/InfoPlist.strings; sourceTree = "<group>"; };
		2D2686FA17174A620088291F /* main.m */ = {isa = PBXFileReference; lastKnownFileType = sourcecode.c.objc; path = main.m; sourceTree = "<group>"; };
		2D2686FC17174A630088291F /* CAHGenerator-Prefix.pch */ = {isa = PBXFileReference; lastKnownFileType = sourcecode.c.h; path = "CAHGenerator-Prefix.pch"; sourceTree = "<group>"; };
		2D2686FD17174A630088291F /* CAHAppDelegate.h */ = {isa = PBXFileReference; lastKnownFileType = sourcecode.c.h; path = CAHAppDelegate.h; sourceTree = "<group>"; };
		2D2686FE17174A630088291F /* CAHAppDelegate.m */ = {isa = PBXFileReference; lastKnownFileType = sourcecode.c.objc; path = CAHAppDelegate.m; sourceTree = "<group>"; };
		2D26870017174A630088291F /* Default.png */ = {isa = PBXFileReference; lastKnownFileType = image.png; path = Default.png; sourceTree = "<group>"; };
		2D26870217174A630088291F /* Default@2x.png */ = {isa = PBXFileReference; lastKnownFileType = image.png; path = "Default@2x.png"; sourceTree = "<group>"; };
		2D26870417174A630088291F /* Default-568h@2x.png */ = {isa = PBXFileReference; lastKnownFileType = image.png; path = "Default-568h@2x.png"; sourceTree = "<group>"; };
		2D26870B17174ADB0088291F /* ViewController.h */ = {isa = PBXFileReference; fileEncoding = 4; lastKnownFileType = sourcecode.c.h; path = ViewController.h; sourceTree = "<group>"; };
		2D26870C17174ADB0088291F /* ViewController.m */ = {isa = PBXFileReference; fileEncoding = 4; lastKnownFileType = sourcecode.c.objc; path = ViewController.m; sourceTree = "<group>"; };
		2D26870E17174B200088291F /* ViewController.xib */ = {isa = PBXFileReference; fileEncoding = 4; lastKnownFileType = file.xib; path = ViewController.xib; sourceTree = "<group>"; };
		2D26871017174BB40088291F /* WhiteCards.txt */ = {isa = PBXFileReference; fileEncoding = 4; lastKnownFileType = text; path = WhiteCards.txt; sourceTree = "<group>"; };
		2D26871217174BDE0088291F /* BlackCards.txt */ = {isa = PBXFileReference; fileEncoding = 4; lastKnownFileType = text; path = BlackCards.txt; sourceTree = "<group>"; };
		2D26871317174BDE0088291F /* BlackCardsSingle.txt */ = {isa = PBXFileReference; fileEncoding = 4; lastKnownFileType = text; path = BlackCardsSingle.txt; sourceTree = "<group>"; };
		2D26871417174BDE0088291F /* Icon.png */ = {isa = PBXFileReference; lastKnownFileType = image.png; path = Icon.png; sourceTree = "<group>"; };
		2D26871517174BDE0088291F /* Icon@2x.png */ = {isa = PBXFileReference; lastKnownFileType = image.png; path = "Icon@2x.png"; sourceTree = "<group>"; };
		2D26871617174BDE0088291F /* LogoButton.png */ = {isa = PBXFileReference; lastKnownFileType = image.png; path = LogoButton.png; sourceTree = "<group>"; };
		2D26871717174BDE0088291F /* Title.png */ = {isa = PBXFileReference; lastKnownFileType = image.png; path = Title.png; sourceTree = "<group>"; };
		2D26871817174BDE0088291F /* Title@2x.png */ = {isa = PBXFileReference; lastKnownFileType = image.png; path = "Title@2x.png"; sourceTree = "<group>"; };
		2D26872217174E860088291F /* .gitignore */ = {isa = PBXFileReference; fileEncoding = 4; lastKnownFileType = text; path = .gitignore; sourceTree = "<group>"; };
/* End PBXFileReference section */

/* Begin PBXFrameworksBuildPhase section */
		2D2686E817174A620088291F /* Frameworks */ = {
			isa = PBXFrameworksBuildPhase;
			buildActionMask = 2147483647;
			files = (
				2D2686EF17174A620088291F /* UIKit.framework in Frameworks */,
				2D2686F117174A620088291F /* Foundation.framework in Frameworks */,
				2D2686F317174A620088291F /* CoreGraphics.framework in Frameworks */,
			);
			runOnlyForDeploymentPostprocessing = 0;
		};
/* End PBXFrameworksBuildPhase section */

/* Begin PBXGroup section */
		2D2686E217174A620088291F = {
			isa = PBXGroup;
			children = (
				2D26872217174E860088291F /* .gitignore */,
				2D2686F417174A620088291F /* CAHGenerator */,
				2D2686ED17174A620088291F /* Frameworks */,
				2D2686EC17174A620088291F /* Products */,
			);
			sourceTree = "<group>";
		};
		2D2686EC17174A620088291F /* Products */ = {
			isa = PBXGroup;
			children = (
				2D2686EB17174A620088291F /* CAHGenerator.app */,
			);
			name = Products;
			sourceTree = "<group>";
		};
		2D2686ED17174A620088291F /* Frameworks */ = {
			isa = PBXGroup;
			children = (
				2D2686EE17174A620088291F /* UIKit.framework */,
				2D2686F017174A620088291F /* Foundation.framework */,
				2D2686F217174A620088291F /* CoreGraphics.framework */,
			);
			name = Frameworks;
			sourceTree = "<group>";
		};
		2D2686F417174A620088291F /* CAHGenerator */ = {
			isa = PBXGroup;
			children = (
				2D2686FD17174A630088291F /* CAHAppDelegate.h */,
				2D2686FE17174A630088291F /* CAHAppDelegate.m */,
				2D26870B17174ADB0088291F /* ViewController.h */,
				2D26870C17174ADB0088291F /* ViewController.m */,
				2D26870E17174B200088291F /* ViewController.xib */,
				2D2686F517174A620088291F /* Supporting Files */,
			);
			path = CAHGenerator;
			sourceTree = "<group>";
		};
		2D2686F517174A620088291F /* Supporting Files */ = {
			isa = PBXGroup;
			children = (
				2D2686F617174A620088291F /* CAHGenerator-Info.plist */,
				2D2686F717174A620088291F /* InfoPlist.strings */,
				2D2686FA17174A620088291F /* main.m */,
				2D2686FC17174A630088291F /* CAHGenerator-Prefix.pch */,
				2D26871217174BDE0088291F /* BlackCards.txt */,
				2D26871317174BDE0088291F /* BlackCardsSingle.txt */,
				2D26871417174BDE0088291F /* Icon.png */,
				2D26871517174BDE0088291F /* Icon@2x.png */,
				2D26871617174BDE0088291F /* LogoButton.png */,
				2D26871717174BDE0088291F /* Title.png */,
				2D26871817174BDE0088291F /* Title@2x.png */,
				2D26870017174A630088291F /* Default.png */,
				2D26870217174A630088291F /* Default@2x.png */,
				2D26870417174A630088291F /* Default-568h@2x.png */,
				2D26871017174BB40088291F /* WhiteCards.txt */,
			);
			name = "Supporting Files";
			sourceTree = "<group>";
		};
/* End PBXGroup section */

/* Begin PBXNativeTarget section */
		2D2686EA17174A620088291F /* CAHGenerator */ = {
			isa = PBXNativeTarget;
			buildConfigurationList = 2D26870817174A630088291F /* Build configuration list for PBXNativeTarget "CAHGenerator" */;
			buildPhases = (
				2D2686E717174A620088291F /* Sources */,
				2D2686E817174A620088291F /* Frameworks */,
				2D2686E917174A620088291F /* Resources */,
			);
			buildRules = (
			);
			dependencies = (
			);
			name = CAHGenerator;
			productName = CAHGenerator;
			productReference = 2D2686EB17174A620088291F /* CAHGenerator.app */;
			productType = "com.apple.product-type.application";
		};
/* End PBXNativeTarget section */

/* Begin PBXProject section */
		2D2686E317174A620088291F /* Project object */ = {
			isa = PBXProject;
			attributes = {
				CLASSPREFIX = CAH;
				LastUpgradeCheck = 0460;
				ORGANIZATIONNAME = "Tim G Carlson";
			};
			buildConfigurationList = 2D2686E617174A620088291F /* Build configuration list for PBXProject "CAHGenerator" */;
			compatibilityVersion = "Xcode 3.2";
			developmentRegion = English;
			hasScannedForEncodings = 0;
			knownRegions = (
				en,
			);
			mainGroup = 2D2686E217174A620088291F;
			productRefGroup = 2D2686EC17174A620088291F /* Products */;
			projectDirPath = "";
			projectRoot = "";
			targets = (
				2D2686EA17174A620088291F /* CAHGenerator */,
			);
		};
/* End PBXProject section */

/* Begin PBXResourcesBuildPhase section */
		2D2686E917174A620088291F /* Resources */ = {
			isa = PBXResourcesBuildPhase;
			buildActionMask = 2147483647;
			files = (
				2D2686F917174A620088291F /* InfoPlist.strings in Resources */,
				2D26870117174A630088291F /* Default.png in Resources */,
				2D26870317174A630088291F /* Default@2x.png in Resources */,
				2D26870517174A630088291F /* Default-568h@2x.png in Resources */,
				2D26870F17174B200088291F /* ViewController.xib in Resources */,
				2D26871117174BB40088291F /* WhiteCards.txt in Resources */,
				2D26871917174BDE0088291F /* BlackCards.txt in Resources */,
				2D26871A17174BDE0088291F /* BlackCardsSingle.txt in Resources */,
				2D26871B17174BDE0088291F /* Icon.png in Resources */,
				2D26871C17174BDE0088291F /* Icon@2x.png in Resources */,
				2D26871D17174BDE0088291F /* LogoButton.png in Resources */,
				2D26871E17174BDE0088291F /* Title.png in Resources */,
				2D26871F17174BDE0088291F /* Title@2x.png in Resources */,
				2D26872317174E870088291F /* .gitignore in Resources */,
			);
			runOnlyForDeploymentPostprocessing = 0;
		};
/* End PBXResourcesBuildPhase section */

/* Begin PBXSourcesBuildPhase section */
		2D2686E717174A620088291F /* Sources */ = {
			isa = PBXSourcesBuildPhase;
			buildActionMask = 2147483647;
			files = (
				2D2686FB17174A620088291F /* main.m in Sources */,
				2D2686FF17174A630088291F /* CAHAppDelegate.m in Sources */,
				2D26870D17174ADB0088291F /* ViewController.m in Sources */,
			);
			runOnlyForDeploymentPostprocessing = 0;
		};
/* End PBXSourcesBuildPhase section */

/* Begin PBXVariantGroup section */
		2D2686F717174A620088291F /* InfoPlist.strings */ = {
			isa = PBXVariantGroup;
			children = (
				2D2686F817174A620088291F /* en */,
			);
			name = InfoPlist.strings;
			sourceTree = "<group>";
		};
/* End PBXVariantGroup section */

/* Begin XCBuildConfiguration section */
		2D26870617174A630088291F /* Debug */ = {
			isa = XCBuildConfiguration;
			buildSettings = {
				ALWAYS_SEARCH_USER_PATHS = NO;
				CLANG_CXX_LANGUAGE_STANDARD = "gnu++0x";
				CLANG_CXX_LIBRARY = "libc++";
				CLANG_ENABLE_OBJC_ARC = YES;
				CLANG_WARN_CONSTANT_CONVERSION = YES;
				CLANG_WARN_EMPTY_BODY = YES;
				CLANG_WARN_ENUM_CONVERSION = YES;
				CLANG_WARN_INT_CONVERSION = YES;
				CLANG_WARN__DUPLICATE_METHOD_MATCH = YES;
				"CODE_SIGN_IDENTITY[sdk=iphoneos*]" = "iPhone Developer";
				COPY_PHASE_STRIP = NO;
				GCC_C_LANGUAGE_STANDARD = gnu99;
				GCC_DYNAMIC_NO_PIC = NO;
				GCC_OPTIMIZATION_LEVEL = 0;
				GCC_PREPROCESSOR_DEFINITIONS = (
					"DEBUG=1",
					"$(inherited)",
				);
				GCC_SYMBOLS_PRIVATE_EXTERN = NO;
				GCC_WARN_ABOUT_RETURN_TYPE = YES;
				GCC_WARN_UNINITIALIZED_AUTOS = YES;
				GCC_WARN_UNUSED_VARIABLE = YES;
				IPHONEOS_DEPLOYMENT_TARGET = 6.1;
				ONLY_ACTIVE_ARCH = YES;
				SDKROOT = iphoneos;
			};
			name = Debug;
		};
		2D26870717174A630088291F /* Release */ = {
			isa = XCBuildConfiguration;
			buildSettings = {
				ALWAYS_SEARCH_USER_PATHS = NO;
				CLANG_CXX_LANGUAGE_STANDARD = "gnu++0x";
				CLANG_CXX_LIBRARY = "libc++";
				CLANG_ENABLE_OBJC_ARC = YES;
				CLANG_WARN_CONSTANT_CONVERSION = YES;
				CLANG_WARN_EMPTY_BODY = YES;
				CLANG_WARN_ENUM_CONVERSION = YES;
				CLANG_WARN_INT_CONVERSION = YES;
				CLANG_WARN__DUPLICATE_METHOD_MATCH = YES;
				"CODE_SIGN_IDENTITY[sdk=iphoneos*]" = "iPhone Developer";
				COPY_PHASE_STRIP = YES;
				GCC_C_LANGUAGE_STANDARD = gnu99;
				GCC_WARN_ABOUT_RETURN_TYPE = YES;
				GCC_WARN_UNINITIALIZED_AUTOS = YES;
				GCC_WARN_UNUSED_VARIABLE = YES;
				IPHONEOS_DEPLOYMENT_TARGET = 6.1;
				OTHER_CFLAGS = "-DNS_BLOCK_ASSERTIONS=1";
				SDKROOT = iphoneos;
				VALIDATE_PRODUCT = YES;
			};
			name = Release;
		};
		2D26870917174A630088291F /* Debug */ = {
			isa = XCBuildConfiguration;
			buildSettings = {
				GCC_PRECOMPILE_PREFIX_HEADER = YES;
				GCC_PREFIX_HEADER = "CAHGenerator/CAHGenerator-Prefix.pch";
				INFOPLIST_FILE = "CAHGenerator/CAHGenerator-Info.plist";
				PRODUCT_NAME = "$(TARGET_NAME)";
				WRAPPER_EXTENSION = app;
			};
			name = Debug;
		};
		2D26870A17174A630088291F /* Release */ = {
			isa = XCBuildConfiguration;
			buildSettings = {
				GCC_PRECOMPILE_PREFIX_HEADER = YES;
				GCC_PREFIX_HEADER = "CAHGenerator/CAHGenerator-Prefix.pch";
				INFOPLIST_FILE = "CAHGenerator/CAHGenerator-Info.plist";
				PRODUCT_NAME = "$(TARGET_NAME)";
				WRAPPER_EXTENSION = app;
			};
			name = Release;
		};
/* End XCBuildConfiguration section */

/* Begin XCConfigurationList section */
		2D2686E617174A620088291F /* Build configuration list for PBXProject "CAHGenerator" */ = {
			isa = XCConfigurationList;
			buildConfigurations = (
				2D26870617174A630088291F /* Debug */,
				2D26870717174A630088291F /* Release */,
			);
			defaultConfigurationIsVisible = 0;
			defaultConfigurationName = Release;
		};
		2D26870817174A630088291F /* Build configuration list for PBXNativeTarget "CAHGenerator" */ = {
			isa = XCConfigurationList;
			buildConfigurations = (
				2D26870917174A630088291F /* Debug */,
				2D26870A17174A630088291F /* Release */,
			);
			defaultConfigurationIsVisible = 0;
			defaultConfigurationName = Release;
		};
/* End XCConfigurationList section */
	};
	rootObject = 2D2686E317174A620088291F /* Project object */;
}
